// !$*UTF8*$!
{
	archiveVersion = 1;
	classes = {
	};
	objectVersion = 46;
	objects = {

/* Begin PBXBuildFile section */
		0C0718E11E580C70006E60C4 /* gettingCell.swift in Sources */ = {isa = PBXBuildFile; fileRef = 0C0718E01E580C70006E60C4 /* gettingCell.swift */; };
		0C0718E31E582E03006E60C4 /* colorhelper.swift in Sources */ = {isa = PBXBuildFile; fileRef = 0C0718E21E582E03006E60C4 /* colorhelper.swift */; };
		0C0718E51E583B94006E60C4 /*  imagepreviewVC.swift in Sources */ = {isa = PBXBuildFile; fileRef = 0C0718E41E583B94006E60C4 /*  imagepreviewVC.swift */; };
		0C0D9FE71E56B1D00081D979 /* Json.swift in Sources */ = {isa = PBXBuildFile; fileRef = 0C0D9FE61E56B1D00081D979 /* Json.swift */; };
		0C41377C1E55823B00EE49EB /* AppDelegate.swift in Sources */ = {isa = PBXBuildFile; fileRef = 0C41377B1E55823B00EE49EB /* AppDelegate.swift */; };
		0C41377E1E55823B00EE49EB /* mainViewController.swift in Sources */ = {isa = PBXBuildFile; fileRef = 0C41377D1E55823B00EE49EB /* mainViewController.swift */; };
		0C4137811E55823B00EE49EB /* Main.storyboard in Resources */ = {isa = PBXBuildFile; fileRef = 0C41377F1E55823B00EE49EB /* Main.storyboard */; };
		0C4137831E55823B00EE49EB /* Assets.xcassets in Resources */ = {isa = PBXBuildFile; fileRef = 0C4137821E55823B00EE49EB /* Assets.xcassets */; };
		0C4137861E55823B00EE49EB /* LaunchScreen.storyboard in Resources */ = {isa = PBXBuildFile; fileRef = 0C4137841E55823B00EE49EB /* LaunchScreen.storyboard */; };
		0C41378E1E55A49E00EE49EB /* HeaderViewCell.xib in Resources */ = {isa = PBXBuildFile; fileRef = 0C41378D1E55A49E00EE49EB /* HeaderViewCell.xib */; };
		0C4137901E55A50600EE49EB /* HeaderViewCell.swift in Sources */ = {isa = PBXBuildFile; fileRef = 0C41378F1E55A50600EE49EB /* HeaderViewCell.swift */; };
		0C4137931E55AC5500EE49EB /* TableViewCell.swift in Sources */ = {isa = PBXBuildFile; fileRef = 0C4137911E55AC5500EE49EB /* TableViewCell.swift */; };
		0C4137941E55AC5500EE49EB /* TableViewCell.xib in Resources */ = {isa = PBXBuildFile; fileRef = 0C4137921E55AC5500EE49EB /* TableViewCell.xib */; };
		0C4137971E55B2E200EE49EB /* CollectionViewCell.swift in Sources */ = {isa = PBXBuildFile; fileRef = 0C4137951E55B2E200EE49EB /* CollectionViewCell.swift */; };
		0C4137981E55B2E200EE49EB /* CollectionViewCell.xib in Resources */ = {isa = PBXBuildFile; fileRef = 0C4137961E55B2E200EE49EB /* CollectionViewCell.xib */; };
		0CEF09FF1E5AAFFC003474FD /* GenericFunction.swift in Sources */ = {isa = PBXBuildFile; fileRef = 0CEF09FE1E5AAFFC003474FD /* GenericFunction.swift */; };
		0CEF0A011E5C0261003474FD /* imageInformationModel.swift in Sources */ = {isa = PBXBuildFile; fileRef = 0CEF0A001E5C0261003474FD /* imageInformationModel.swift */; };
		0CEF0A351E5C5EAD003474FD /* NetworkController.swift in Sources */ = {isa = PBXBuildFile; fileRef = 0CEF0A341E5C5EAD003474FD /* NetworkController.swift */; };
		0CEF0A371E5C61CF003474FD /* Webservice.swift in Sources */ = {isa = PBXBuildFile; fileRef = 0CEF0A361E5C61CF003474FD /* Webservice.swift */; };
		D7AB6D0FCDEE0B3A7441797B /* Pods_Myntra.framework in Frameworks */ = {isa = PBXBuildFile; fileRef = D3D4BD90F17E63E9BB965E6B /* Pods_Myntra.framework */; };
/* End PBXBuildFile section */

/* Begin PBXFileReference section */
		091EF6CE40D3A6C2BFF3273B /* Pods-Myntra.release.xcconfig */ = {isa = PBXFileReference; includeInIndex = 1; lastKnownFileType = text.xcconfig; name = "Pods-Myntra.release.xcconfig"; path = "Pods/Target Support Files/Pods-Myntra/Pods-Myntra.release.xcconfig"; sourceTree = "<group>"; };
		0C0718E01E580C70006E60C4 /* gettingCell.swift */ = {isa = PBXFileReference; fileEncoding = 4; lastKnownFileType = sourcecode.swift; path = gettingCell.swift; sourceTree = "<group>"; };
		0C0718E21E582E03006E60C4 /* colorhelper.swift */ = {isa = PBXFileReference; fileEncoding = 4; lastKnownFileType = sourcecode.swift; path = colorhelper.swift; sourceTree = "<group>"; };
		0C0718E41E583B94006E60C4 /*  imagepreviewVC.swift */ = {isa = PBXFileReference; fileEncoding = 4; lastKnownFileType = sourcecode.swift; path = " imagepreviewVC.swift"; sourceTree = "<group>"; };
		0C0D9FE61E56B1D00081D979 /* Json.swift */ = {isa = PBXFileReference; fileEncoding = 4; lastKnownFileType = sourcecode.swift; path = Json.swift; sourceTree = "<group>"; };
		0C4137781E55823B00EE49EB /* Myntra.app */ = {isa = PBXFileReference; explicitFileType = wrapper.application; includeInIndex = 0; path = Myntra.app; sourceTree = BUILT_PRODUCTS_DIR; };
		0C41377B1E55823B00EE49EB /* AppDelegate.swift */ = {isa = PBXFileReference; lastKnownFileType = sourcecode.swift; path = AppDelegate.swift; sourceTree = "<group>"; };
		0C41377D1E55823B00EE49EB /* mainViewController.swift */ = {isa = PBXFileReference; lastKnownFileType = sourcecode.swift; path = mainViewController.swift; sourceTree = "<group>"; };
		0C4137801E55823B00EE49EB /* Base */ = {isa = PBXFileReference; lastKnownFileType = file.storyboard; name = Base; path = Base.lproj/Main.storyboard; sourceTree = "<group>"; };
		0C4137821E55823B00EE49EB /* Assets.xcassets */ = {isa = PBXFileReference; lastKnownFileType = folder.assetcatalog; path = Assets.xcassets; sourceTree = "<group>"; };
		0C4137851E55823B00EE49EB /* Base */ = {isa = PBXFileReference; lastKnownFileType = file.storyboard; name = Base; path = Base.lproj/LaunchScreen.storyboard; sourceTree = "<group>"; };
		0C4137871E55823B00EE49EB /* Info.plist */ = {isa = PBXFileReference; lastKnownFileType = text.plist.xml; path = Info.plist; sourceTree = "<group>"; };
		0C41378D1E55A49E00EE49EB /* HeaderViewCell.xib */ = {isa = PBXFileReference; fileEncoding = 4; lastKnownFileType = file.xib; path = HeaderViewCell.xib; sourceTree = "<group>"; };
		0C41378F1E55A50600EE49EB /* HeaderViewCell.swift */ = {isa = PBXFileReference; fileEncoding = 4; lastKnownFileType = sourcecode.swift; path = HeaderViewCell.swift; sourceTree = "<group>"; };
		0C4137911E55AC5500EE49EB /* TableViewCell.swift */ = {isa = PBXFileReference; fileEncoding = 4; lastKnownFileType = sourcecode.swift; path = TableViewCell.swift; sourceTree = "<group>"; };
		0C4137921E55AC5500EE49EB /* TableViewCell.xib */ = {isa = PBXFileReference; fileEncoding = 4; lastKnownFileType = file.xib; path = TableViewCell.xib; sourceTree = "<group>"; };
		0C4137951E55B2E200EE49EB /* CollectionViewCell.swift */ = {isa = PBXFileReference; fileEncoding = 4; lastKnownFileType = sourcecode.swift; path = CollectionViewCell.swift; sourceTree = "<group>"; };
		0C4137961E55B2E200EE49EB /* CollectionViewCell.xib */ = {isa = PBXFileReference; fileEncoding = 4; lastKnownFileType = file.xib; path = CollectionViewCell.xib; sourceTree = "<group>"; };
		0CEF09FE1E5AAFFC003474FD /* GenericFunction.swift */ = {isa = PBXFileReference; fileEncoding = 4; lastKnownFileType = sourcecode.swift; path = GenericFunction.swift; sourceTree = "<group>"; };
		0CEF0A001E5C0261003474FD /* imageInformationModel.swift */ = {isa = PBXFileReference; fileEncoding = 4; lastKnownFileType = sourcecode.swift; path = imageInformationModel.swift; sourceTree = "<group>"; };
		0CEF0A341E5C5EAD003474FD /* NetworkController.swift */ = {isa = PBXFileReference; fileEncoding = 4; lastKnownFileType = sourcecode.swift; path = NetworkController.swift; sourceTree = "<group>"; };
		0CEF0A361E5C61CF003474FD /* Webservice.swift */ = {isa = PBXFileReference; fileEncoding = 4; lastKnownFileType = sourcecode.swift; path = Webservice.swift; sourceTree = "<group>"; };
		3650DD03DA3CB1B8E1E1FC98 /* Pods-Myntra.debug.xcconfig */ = {isa = PBXFileReference; includeInIndex = 1; lastKnownFileType = text.xcconfig; name = "Pods-Myntra.debug.xcconfig"; path = "Pods/Target Support Files/Pods-Myntra/Pods-Myntra.debug.xcconfig"; sourceTree = "<group>"; };
		D3D4BD90F17E63E9BB965E6B /* Pods_Myntra.framework */ = {isa = PBXFileReference; explicitFileType = wrapper.framework; includeInIndex = 0; path = Pods_Myntra.framework; sourceTree = BUILT_PRODUCTS_DIR; };
/* End PBXFileReference section */

/* Begin PBXFrameworksBuildPhase section */
		0C4137751E55823B00EE49EB /* Frameworks */ = {
			isa = PBXFrameworksBuildPhase;
			buildActionMask = 2147483647;
			files = (
				D7AB6D0FCDEE0B3A7441797B /* Pods_Myntra.framework in Frameworks */,
			);
			runOnlyForDeploymentPostprocessing = 0;
		};
/* End PBXFrameworksBuildPhase section */

/* Begin PBXGroup section */
		0C41376F1E55823B00EE49EB = {
			isa = PBXGroup;
			children = (
				0C41377A1E55823B00EE49EB /* Myntra */,
				0C4137791E55823B00EE49EB /* Products */,
				DDC21B2053A4ECE01378B3ED /* Pods */,
				E150F12CA949144EC67B5B3C /* Frameworks */,
			);
			sourceTree = "<group>";
		};
		0C4137791E55823B00EE49EB /* Products */ = {
			isa = PBXGroup;
			children = (
				0C4137781E55823B00EE49EB /* Myntra.app */,
			);
			name = Products;
			sourceTree = "<group>";
		};
		0C41377A1E55823B00EE49EB /* Myntra */ = {
			isa = PBXGroup;
			children = (
				0C41377B1E55823B00EE49EB /* AppDelegate.swift */,
				0CEF0A361E5C61CF003474FD /* Webservice.swift */,
				0CEF0A341E5C5EAD003474FD /* NetworkController.swift */,
				0CEF0A001E5C0261003474FD /* imageInformationModel.swift */,
				0CEF09FE1E5AAFFC003474FD /* GenericFunction.swift */,
				0C0718E41E583B94006E60C4 /*  imagepreviewVC.swift */,
				0C0718E21E582E03006E60C4 /* colorhelper.swift */,
				0C0718E01E580C70006E60C4 /* gettingCell.swift */,
				0C0D9FE61E56B1D00081D979 /* Json.swift */,
				0C4137951E55B2E200EE49EB /* CollectionViewCell.swift */,
				0C4137961E55B2E200EE49EB /* CollectionViewCell.xib */,
				0C4137911E55AC5500EE49EB /* TableViewCell.swift */,
				0C4137921E55AC5500EE49EB /* TableViewCell.xib */,
				0C41378D1E55A49E00EE49EB /* HeaderViewCell.xib */,
				0C41377D1E55823B00EE49EB /* mainViewController.swift */,
				0C41377F1E55823B00EE49EB /* Main.storyboard */,
				0C41378F1E55A50600EE49EB /* HeaderViewCell.swift */,
				0C4137821E55823B00EE49EB /* Assets.xcassets */,
				0C4137841E55823B00EE49EB /* LaunchScreen.storyboard */,
				0C4137871E55823B00EE49EB /* Info.plist */,
			);
			path = Myntra;
			sourceTree = "<group>";
		};
		DDC21B2053A4ECE01378B3ED /* Pods */ = {
			isa = PBXGroup;
			children = (
				3650DD03DA3CB1B8E1E1FC98 /* Pods-Myntra.debug.xcconfig */,
				091EF6CE40D3A6C2BFF3273B /* Pods-Myntra.release.xcconfig */,
			);
			name = Pods;
			sourceTree = "<group>";
		};
		E150F12CA949144EC67B5B3C /* Frameworks */ = {
			isa = PBXGroup;
			children = (
				D3D4BD90F17E63E9BB965E6B /* Pods_Myntra.framework */,
			);
			name = Frameworks;
			sourceTree = "<group>";
		};
/* End PBXGroup section */

/* Begin PBXNativeTarget section */
		0C4137771E55823B00EE49EB /* Myntra */ = {
			isa = PBXNativeTarget;
			buildConfigurationList = 0C41378A1E55823B00EE49EB /* Build configuration list for PBXNativeTarget "Myntra" */;
			buildPhases = (
				FB98576B523F03F4795EC64A /* [CP] Check Pods Manifest.lock */,
				0C4137741E55823B00EE49EB /* Sources */,
				0C4137751E55823B00EE49EB /* Frameworks */,
				0C4137761E55823B00EE49EB /* Resources */,
				66027C71ED25DEA226C38B01 /* [CP] Embed Pods Frameworks */,
				EEF41D5E73781CE28C89687B /* [CP] Copy Pods Resources */,
			);
			buildRules = (
			);
			dependencies = (
			);
			name = Myntra;
			productName = Myntra;
			productReference = 0C4137781E55823B00EE49EB /* Myntra.app */;
			productType = "com.apple.product-type.application";
		};
/* End PBXNativeTarget section */

/* Begin PBXProject section */
		0C4137701E55823B00EE49EB /* Project object */ = {
			isa = PBXProject;
			attributes = {
				LastSwiftUpdateCheck = 0810;
				LastUpgradeCheck = 0810;
				ORGANIZATIONNAME = Appinventiv;
				TargetAttributes = {
					0C4137771E55823B00EE49EB = {
						CreatedOnToolsVersion = 8.1;
						ProvisioningStyle = Automatic;
					};
				};
			};
			buildConfigurationList = 0C4137731E55823B00EE49EB /* Build configuration list for PBXProject "Myntra" */;
			compatibilityVersion = "Xcode 3.2";
			developmentRegion = English;
			hasScannedForEncodings = 0;
			knownRegions = (
				en,
				Base,
			);
			mainGroup = 0C41376F1E55823B00EE49EB;
			productRefGroup = 0C4137791E55823B00EE49EB /* Products */;
			projectDirPath = "";
			projectRoot = "";
			targets = (
				0C4137771E55823B00EE49EB /* Myntra */,
			);
		};
/* End PBXProject section */

/* Begin PBXResourcesBuildPhase section */
		0C4137761E55823B00EE49EB /* Resources */ = {
			isa = PBXResourcesBuildPhase;
			buildActionMask = 2147483647;
			files = (
				0C41378E1E55A49E00EE49EB /* HeaderViewCell.xib in Resources */,
				0C4137941E55AC5500EE49EB /* TableViewCell.xib in Resources */,
				0C4137981E55B2E200EE49EB /* CollectionViewCell.xib in Resources */,
				0C4137861E55823B00EE49EB /* LaunchScreen.storyboard in Resources */,
				0C4137831E55823B00EE49EB /* Assets.xcassets in Resources */,
				0C4137811E55823B00EE49EB /* Main.storyboard in Resources */,
			);
			runOnlyForDeploymentPostprocessing = 0;
		};
/* End PBXResourcesBuildPhase section */

/* Begin PBXShellScriptBuildPhase section */
		66027C71ED25DEA226C38B01 /* [CP] Embed Pods Frameworks */ = {
			isa = PBXShellScriptBuildPhase;
			buildActionMask = 2147483647;
			files = (
			);
			inputPaths = (
			);
			name = "[CP] Embed Pods Frameworks";
			outputPaths = (
			);
			runOnlyForDeploymentPostprocessing = 0;
			shellPath = /bin/sh;
			shellScript = "\"${SRCROOT}/Pods/Target Support Files/Pods-Myntra/Pods-Myntra-frameworks.sh\"\n";
			showEnvVarsInLog = 0;
		};
		EEF41D5E73781CE28C89687B /* [CP] Copy Pods Resources */ = {
			isa = PBXShellScriptBuildPhase;
			buildActionMask = 2147483647;
			files = (
			);
			inputPaths = (
			);
			name = "[CP] Copy Pods Resources";
			outputPaths = (
			);
			runOnlyForDeploymentPostprocessing = 0;
			shellPath = /bin/sh;
			shellScript = "\"${SRCROOT}/Pods/Target Support Files/Pods-Myntra/Pods-Myntra-resources.sh\"\n";
			showEnvVarsInLog = 0;
		};
		FB98576B523F03F4795EC64A /* [CP] Check Pods Manifest.lock */ = {
			isa = PBXShellScriptBuildPhase;
			buildActionMask = 2147483647;
			files = (
			);
			inputPaths = (
			);
			name = "[CP] Check Pods Manifest.lock";
			outputPaths = (
			);
			runOnlyForDeploymentPostprocessing = 0;
			shellPath = /bin/sh;
			shellScript = "diff \"${PODS_ROOT}/../Podfile.lock\" \"${PODS_ROOT}/Manifest.lock\" > /dev/null\nif [ $? != 0 ] ; then\n    # print error to STDERR\n    echo \"error: The sandbox is not in sync with the Podfile.lock. Run 'pod install' or update your CocoaPods installation.\" >&2\n    exit 1\nfi\n";
			showEnvVarsInLog = 0;
		};
/* End PBXShellScriptBuildPhase section */

/* Begin PBXSourcesBuildPhase section */
		0C4137741E55823B00EE49EB /* Sources */ = {
			isa = PBXSourcesBuildPhase;
			buildActionMask = 2147483647;
			files = (
				0C4137971E55B2E200EE49EB /* CollectionViewCell.swift in Sources */,
				0C0D9FE71E56B1D00081D979 /* Json.swift in Sources */,
				0C4137901E55A50600EE49EB /* HeaderViewCell.swift in Sources */,
				0CEF0A011E5C0261003474FD /* imageInformationModel.swift in Sources */,
				0C0718E31E582E03006E60C4 /* colorhelper.swift in Sources */,
				0C4137931E55AC5500EE49EB /* TableViewCell.swift in Sources */,
				0C41377E1E55823B00EE49EB /* mainViewController.swift in Sources */,
				0C41377C1E55823B00EE49EB /* AppDelegate.swift in Sources */,
				0CEF0A351E5C5EAD003474FD /* NetworkController.swift in Sources */,
				0C0718E11E580C70006E60C4 /* gettingCell.swift in Sources */,
				0CEF0A371E5C61CF003474FD /* Webservice.swift in Sources */,
				0C0718E51E583B94006E60C4 /*  imagepreviewVC.swift in Sources */,
				0CEF09FF1E5AAFFC003474FD /* GenericFunction.swift in Sources */,
			);
			runOnlyForDeploymentPostprocessing = 0;
		};
/* End PBXSourcesBuildPhase section */

/* Begin PBXVariantGroup section */
		0C41377F1E55823B00EE49EB /* Main.storyboard */ = {
			isa = PBXVariantGroup;
			children = (
				0C4137801E55823B00EE49EB /* Base */,
			);
			name = Main.storyboard;
			sourceTree = "<group>";
		};
		0C4137841E55823B00EE49EB /* LaunchScreen.storyboard */ = {
			isa = PBXVariantGroup;
			children = (
				0C4137851E55823B00EE49EB /* Base */,
			);
			name = LaunchScreen.storyboard;
			sourceTree = "<group>";
		};
/* End PBXVariantGroup section */

/* Begin XCBuildConfiguration section */
		0C4137881E55823B00EE49EB /* Debug */ = {
			isa = XCBuildConfiguration;
			buildSettings = {
				ALWAYS_SEARCH_USER_PATHS = NO;
				CLANG_ANALYZER_NONNULL = YES;
				CLANG_CXX_LANGUAGE_STANDARD = "gnu++0x";
				CLANG_CXX_LIBRARY = "libc++";
				CLANG_ENABLE_MODULES = YES;
				CLANG_ENABLE_OBJC_ARC = YES;
				CLANG_WARN_BOOL_CONVERSION = YES;
				CLANG_WARN_CONSTANT_CONVERSION = YES;
				CLANG_WARN_DIRECT_OBJC_ISA_USAGE = YES_ERROR;
				CLANG_WARN_DOCUMENTATION_COMMENTS = YES;
				CLANG_WARN_EMPTY_BODY = YES;
				CLANG_WARN_ENUM_CONVERSION = YES;
				CLANG_WARN_INFINITE_RECURSION = YES;
				CLANG_WARN_INT_CONVERSION = YES;
				CLANG_WARN_OBJC_ROOT_CLASS = YES_ERROR;
				CLANG_WARN_SUSPICIOUS_MOVES = YES;
				CLANG_WARN_UNREACHABLE_CODE = YES;
				CLANG_WARN__DUPLICATE_METHOD_MATCH = YES;
				"CODE_SIGN_IDENTITY[sdk=iphoneos*]" = "iPhone Developer";
				COPY_PHASE_STRIP = NO;
				DEBUG_INFORMATION_FORMAT = dwarf;
				ENABLE_STRICT_OBJC_MSGSEND = YES;
				ENABLE_TESTABILITY = YES;
				GCC_C_LANGUAGE_STANDARD = gnu99;
				GCC_DYNAMIC_NO_PIC = NO;
				GCC_NO_COMMON_BLOCKS = YES;
				GCC_OPTIMIZATION_LEVEL = 0;
				GCC_PREPROCESSOR_DEFINITIONS = (
					"DEBUG=1",
					"$(inherited)",
				);
				GCC_WARN_64_TO_32_BIT_CONVERSION = YES;
				GCC_WARN_ABOUT_RETURN_TYPE = YES_ERROR;
				GCC_WARN_UNDECLARED_SELECTOR = YES;
				GCC_WARN_UNINITIALIZED_AUTOS = YES_AGGRESSIVE;
				GCC_WARN_UNUSED_FUNCTION = YES;
				GCC_WARN_UNUSED_VARIABLE = YES;
				IPHONEOS_DEPLOYMENT_TARGET = 10.1;
				MTL_ENABLE_DEBUG_INFO = YES;
				ONLY_ACTIVE_ARCH = YES;
				SDKROOT = iphoneos;
				SWIFT_ACTIVE_COMPILATION_CONDITIONS = DEBUG;
				SWIFT_OPTIMIZATION_LEVEL = "-Onone";
			};
			name = Debug;
		};
		0C4137891E55823B00EE49EB /* Release */ = {
			isa = XCBuildConfiguration;
			buildSettings = {
				ALWAYS_SEARCH_USER_PATHS = NO;
				CLANG_ANALYZER_NONNULL = YES;
				CLANG_CXX_LANGUAGE_STANDARD = "gnu++0x";
				CLANG_CXX_LIBRARY = "libc++";
				CLANG_ENABLE_MODULES = YES;
				CLANG_ENABLE_OBJC_ARC = YES;
				CLANG_WARN_BOOL_CONVERSION = YES;
				CLANG_WARN_CONSTANT_CONVERSION = YES;
				CLANG_WARN_DIRECT_OBJC_ISA_USAGE = YES_ERROR;
				CLANG_WARN_DOCUMENTATION_COMMENTS = YES;
				CLANG_WARN_EMPTY_BODY = YES;
				CLANG_WARN_ENUM_CONVERSION = YES;
				CLANG_WARN_INFINITE_RECURSION = YES;
				CLANG_WARN_INT_CONVERSION = YES;
				CLANG_WARN_OBJC_ROOT_CLASS = YES_ERROR;
				CLANG_WARN_SUSPICIOUS_MOVES = YES;
				CLANG_WARN_UNREACHABLE_CODE = YES;
				CLANG_WARN__DUPLICATE_METHOD_MATCH = YES;
				"CODE_SIGN_IDENTITY[sdk=iphoneos*]" = "iPhone Developer";
				COPY_PHASE_STRIP = NO;
				DEBUG_INFORMATION_FORMAT = "dwarf-with-dsym";
				ENABLE_NS_ASSERTIONS = NO;
				ENABLE_STRICT_OBJC_MSGSEND = YES;
				GCC_C_LANGUAGE_STANDARD = gnu99;
				GCC_NO_COMMON_BLOCKS = YES;
				GCC_WARN_64_TO_32_BIT_CONVERSION = YES;
				GCC_WARN_ABOUT_RETURN_TYPE = YES_ERROR;
				GCC_WARN_UNDECLARED_SELECTOR = YES;
				GCC_WARN_UNINITIALIZED_AUTOS = YES_AGGRESSIVE;
				GCC_WARN_UNUSED_FUNCTION = YES;
				GCC_WARN_UNUSED_VARIABLE = YES;
				IPHONEOS_DEPLOYMENT_TARGET = 10.1;
				MTL_ENABLE_DEBUG_INFO = NO;
				SDKROOT = iphoneos;
				SWIFT_OPTIMIZATION_LEVEL = "-Owholemodule";
				VALIDATE_PRODUCT = YES;
			};
			name = Release;
		};
		0C41378B1E55823B00EE49EB /* Debug */ = {
			isa = XCBuildConfiguration;
			baseConfigurationReference = 3650DD03DA3CB1B8E1E1FC98 /* Pods-Myntra.debug.xcconfig */;
			buildSettings = {
				ASSETCATALOG_COMPILER_APPICON_NAME = AppIcon;
				INFOPLIST_FILE = Myntra/Info.plist;
				LD_RUNPATH_SEARCH_PATHS = "$(inherited) @executable_path/Frameworks";
				PRODUCT_BUNDLE_IDENTIFIER = Appinventiv.Myntra;
				PRODUCT_NAME = "$(TARGET_NAME)";
				SWIFT_VERSION = 3.0;
			};
			name = Debug;
		};
		0C41378C1E55823B00EE49EB /* Release */ = {
			isa = XCBuildConfiguration;
			baseConfigurationReference = 091EF6CE40D3A6C2BFF3273B /* Pods-Myntra.release.xcconfig */;
			buildSettings = {
				ASSETCATALOG_COMPILER_APPICON_NAME = AppIcon;
				INFOPLIST_FILE = Myntra/Info.plist;
				LD_RUNPATH_SEARCH_PATHS = "$(inherited) @executable_path/Frameworks";
				PRODUCT_BUNDLE_IDENTIFIER = Appinventiv.Myntra;
				PRODUCT_NAME = "$(TARGET_NAME)";
				SWIFT_VERSION = 3.0;
			};
			name = Release;
		};
/* End XCBuildConfiguration section */

/* Begin XCConfigurationList section */
		0C4137731E55823B00EE49EB /* Build configuration list for PBXProject "Myntra" */ = {
			isa = XCConfigurationList;
			buildConfigurations = (
				0C4137881E55823B00EE49EB /* Debug */,
				0C4137891E55823B00EE49EB /* Release */,
			);
			defaultConfigurationIsVisible = 0;
			defaultConfigurationName = Release;
		};
		0C41378A1E55823B00EE49EB /* Build configuration list for PBXNativeTarget "Myntra" */ = {
			isa = XCConfigurationList;
			buildConfigurations = (
				0C41378B1E55823B00EE49EB /* Debug */,
				0C41378C1E55823B00EE49EB /* Release */,
			);
			defaultConfigurationIsVisible = 0;
			defaultConfigurationName = Release;
		};
/* End XCConfigurationList section */
	};
	rootObject = 0C4137701E55823B00EE49EB /* Project object */;
}
